// !$*UTF8*$!
{
	archiveVersion = 1;
	classes = {
	};
	objectVersion = 55;
	objects = {

/* Begin PBXBuildFile section */
		33578B5D28804176009408BD /* MyFrameworkA.docc in Sources */ = {isa = PBXBuildFile; fileRef = 33578B5C28804176009408BD /* MyFrameworkA.docc */; };
		33578B6328804176009408BD /* MyFrameworkA.framework in Frameworks */ = {isa = PBXBuildFile; fileRef = 33578B5828804176009408BD /* MyFrameworkA.framework */; };
		33578B6828804176009408BD /* MyFrameworkATests.m in Sources */ = {isa = PBXBuildFile; fileRef = 33578B6728804176009408BD /* MyFrameworkATests.m */; };
		33578B6928804176009408BD /* MyFrameworkA.h in Headers */ = {isa = PBXBuildFile; fileRef = 33578B5B28804176009408BD /* MyFrameworkA.h */; settings = {ATTRIBUTES = (Public, ); }; };
/* End PBXBuildFile section */

/* Begin PBXContainerItemProxy section */
		33578B6428804176009408BD /* PBXContainerItemProxy */ = {
			isa = PBXContainerItemProxy;
			containerPortal = 33578B4F28804176009408BD /* Project object */;
			proxyType = 1;
			remoteGlobalIDString = 33578B5728804176009408BD;
			remoteInfo = MyFrameworkA;
		};
/* End PBXContainerItemProxy section */

/* Begin PBXFileReference section */
		33578B5828804176009408BD /* MyFrameworkA.framework */ = {isa = PBXFileReference; explicitFileType = wrapper.framework; includeInIndex = 0; path = MyFrameworkA.framework; sourceTree = BUILT_PRODUCTS_DIR; };
		33578B5B28804176009408BD /* MyFrameworkA.h */ = {isa = PBXFileReference; lastKnownFileType = sourcecode.c.h; path = MyFrameworkA.h; sourceTree = "<group>"; };
		33578B5C28804176009408BD /* MyFrameworkA.docc */ = {isa = PBXFileReference; lastKnownFileType = folder.documentationcatalog; path = MyFrameworkA.docc; sourceTree = "<group>"; };
		33578B6228804176009408BD /* MyFrameworkATests.xctest */ = {isa = PBXFileReference; explicitFileType = wrapper.cfbundle; includeInIndex = 0; path = MyFrameworkATests.xctest; sourceTree = BUILT_PRODUCTS_DIR; };
		33578B6728804176009408BD /* MyFrameworkATests.m */ = {isa = PBXFileReference; lastKnownFileType = sourcecode.c.objc; path = MyFrameworkATests.m; sourceTree = "<group>"; };
/* End PBXFileReference section */

/* Begin PBXFrameworksBuildPhase section */
		33578B5528804176009408BD /* Frameworks */ = {
			isa = PBXFrameworksBuildPhase;
			buildActionMask = 2147483647;
			files = (
			);
			runOnlyForDeploymentPostprocessing = 0;
		};
		33578B5F28804176009408BD /* Frameworks */ = {
			isa = PBXFrameworksBuildPhase;
			buildActionMask = 2147483647;
			files = (
				33578B6328804176009408BD /* MyFrameworkA.framework in Frameworks */,
			);
			runOnlyForDeploymentPostprocessing = 0;
		};
/* End PBXFrameworksBuildPhase section */

/* Begin PBXGroup section */
		33578B4E28804176009408BD = {
			isa = PBXGroup;
			children = (
				33578B5A28804176009408BD /* MyFrameworkA */,
				33578B6628804176009408BD /* MyFrameworkATests */,
				33578B5928804176009408BD /* Products */,
			);
			sourceTree = "<group>";
		};
		33578B5928804176009408BD /* Products */ = {
			isa = PBXGroup;
			children = (
				33578B5828804176009408BD /* MyFrameworkA.framework */,
				33578B6228804176009408BD /* MyFrameworkATests.xctest */,
			);
			name = Products;
			sourceTree = "<group>";
		};
		33578B5A28804176009408BD /* MyFrameworkA */ = {
			isa = PBXGroup;
			children = (
				33578B5B28804176009408BD /* MyFrameworkA.h */,
				33578B5C28804176009408BD /* MyFrameworkA.docc */,
			);
			path = MyFrameworkA;
			sourceTree = "<group>";
		};
		33578B6628804176009408BD /* MyFrameworkATests */ = {
			isa = PBXGroup;
			children = (
				33578B6728804176009408BD /* MyFrameworkATests.m */,
			);
			path = MyFrameworkATests;
			sourceTree = "<group>";
		};
/* End PBXGroup section */

/* Begin PBXHeadersBuildPhase section */
		33578B5328804176009408BD /* Headers */ = {
			isa = PBXHeadersBuildPhase;
			buildActionMask = 2147483647;
			files = (
				33578B6928804176009408BD /* MyFrameworkA.h in Headers */,
			);
			runOnlyForDeploymentPostprocessing = 0;
		};
/* End PBXHeadersBuildPhase section */

/* Begin PBXNativeTarget section */
		33578B5728804176009408BD /* MyFrameworkA */ = {
			isa = PBXNativeTarget;
			buildConfigurationList = 33578B6C28804176009408BD /* Build configuration list for PBXNativeTarget "MyFrameworkA" */;
			buildPhases = (
				33578B5328804176009408BD /* Headers */,
				33578B5428804176009408BD /* Sources */,
				33578B5528804176009408BD /* Frameworks */,
				33578B5628804176009408BD /* Resources */,
			);
			buildRules = (
			);
			dependencies = (
			);
			name = MyFrameworkA;
			productName = MyFrameworkA;
			productReference = 33578B5828804176009408BD /* MyFrameworkA.framework */;
			productType = "com.apple.product-type.framework";
		};
		33578B6128804176009408BD /* MyFrameworkATests */ = {
			isa = PBXNativeTarget;
			buildConfigurationList = 33578B6F28804176009408BD /* Build configuration list for PBXNativeTarget "MyFrameworkATests" */;
			buildPhases = (
				33578B5E28804176009408BD /* Sources */,
				33578B5F28804176009408BD /* Frameworks */,
				33578B6028804176009408BD /* Resources */,
			);
			buildRules = (
			);
			dependencies = (
				33578B6528804176009408BD /* PBXTargetDependency */,
			);
			name = MyFrameworkATests;
			productName = MyFrameworkATests;
			productReference = 33578B6228804176009408BD /* MyFrameworkATests.xctest */;
			productType = "com.apple.product-type.bundle.unit-test";
		};
/* End PBXNativeTarget section */

/* Begin PBXProject section */
		33578B4F28804176009408BD /* Project object */ = {
			isa = PBXProject;
			attributes = {
				BuildIndependentTargetsInParallel = 1;
				LastUpgradeCheck = 1340;
				TargetAttributes = {
					33578B5728804176009408BD = {
						CreatedOnToolsVersion = 13.4.1;
					};
					33578B6128804176009408BD = {
						CreatedOnToolsVersion = 13.4.1;
					};
				};
			};
			buildConfigurationList = 33578B5228804176009408BD /* Build configuration list for PBXProject "MyFrameworkA" */;
			compatibilityVersion = "Xcode 13.0";
			developmentRegion = en;
			hasScannedForEncodings = 0;
			knownRegions = (
				en,
				Base,
			);
			mainGroup = 33578B4E28804176009408BD;
			productRefGroup = 33578B5928804176009408BD /* Products */;
			projectDirPath = "";
			projectRoot = "";
			targets = (
				33578B5728804176009408BD /* MyFrameworkA */,
				33578B6128804176009408BD /* MyFrameworkATests */,
			);
		};
/* End PBXProject section */

/* Begin PBXResourcesBuildPhase section */
		33578B5628804176009408BD /* Resources */ = {
			isa = PBXResourcesBuildPhase;
			buildActionMask = 2147483647;
			files = (
			);
			runOnlyForDeploymentPostprocessing = 0;
		};
		33578B6028804176009408BD /* Resources */ = {
			isa = PBXResourcesBuildPhase;
			buildActionMask = 2147483647;
			files = (
			);
			runOnlyForDeploymentPostprocessing = 0;
		};
/* End PBXResourcesBuildPhase section */

/* Begin PBXSourcesBuildPhase section */
		33578B5428804176009408BD /* Sources */ = {
			isa = PBXSourcesBuildPhase;
			buildActionMask = 2147483647;
			files = (
				33578B5D28804176009408BD /* MyFrameworkA.docc in Sources */,
			);
			runOnlyForDeploymentPostprocessing = 0;
		};
		33578B5E28804176009408BD /* Sources */ = {
			isa = PBXSourcesBuildPhase;
			buildActionMask = 2147483647;
			files = (
				33578B6828804176009408BD /* MyFrameworkATests.m in Sources */,
			);
			runOnlyForDeploymentPostprocessing = 0;
		};
/* End PBXSourcesBuildPhase section */

/* Begin PBXTargetDependency section */
		33578B6528804176009408BD /* PBXTargetDependency */ = {
			isa = PBXTargetDependency;
			target = 33578B5728804176009408BD /* MyFrameworkA */;
			targetProxy = 33578B6428804176009408BD /* PBXContainerItemProxy */;
		};
/* End PBXTargetDependency section */

/* Begin XCBuildConfiguration section */
		33578B6A28804176009408BD /* Debug */ = {
			isa = XCBuildConfiguration;
			buildSettings = {
				ALWAYS_SEARCH_USER_PATHS = NO;
				CLANG_ANALYZER_NONNULL = YES;
				CLANG_ANALYZER_NUMBER_OBJECT_CONVERSION = YES_AGGRESSIVE;
				CLANG_CXX_LANGUAGE_STANDARD = "gnu++17";
				CLANG_ENABLE_MODULES = YES;
				CLANG_ENABLE_OBJC_ARC = YES;
				CLANG_ENABLE_OBJC_WEAK = YES;
				CLANG_WARN_BLOCK_CAPTURE_AUTORELEASING = YES;
				CLANG_WARN_BOOL_CONVERSION = YES;
				CLANG_WARN_COMMA = YES;
				CLANG_WARN_CONSTANT_CONVERSION = YES;
				CLANG_WARN_DEPRECATED_OBJC_IMPLEMENTATIONS = YES;
				CLANG_WARN_DIRECT_OBJC_ISA_USAGE = YES_ERROR;
				CLANG_WARN_DOCUMENTATION_COMMENTS = YES;
				CLANG_WARN_EMPTY_BODY = YES;
				CLANG_WARN_ENUM_CONVERSION = YES;
				CLANG_WARN_INFINITE_RECURSION = YES;
				CLANG_WARN_INT_CONVERSION = YES;
				CLANG_WARN_NON_LITERAL_NULL_CONVERSION = YES;
				CLANG_WARN_OBJC_IMPLICIT_RETAIN_SELF = YES;
				CLANG_WARN_OBJC_LITERAL_CONVERSION = YES;
				CLANG_WARN_OBJC_ROOT_CLASS = YES_ERROR;
				CLANG_WARN_QUOTED_INCLUDE_IN_FRAMEWORK_HEADER = YES;
				CLANG_WARN_RANGE_LOOP_ANALYSIS = YES;
				CLANG_WARN_STRICT_PROTOTYPES = YES;
				CLANG_WARN_SUSPICIOUS_MOVE = YES;
				CLANG_WARN_UNGUARDED_AVAILABILITY = YES_AGGRESSIVE;
				CLANG_WARN_UNREACHABLE_CODE = YES;
				CLANG_WARN__DUPLICATE_METHOD_MATCH = YES;
				COPY_PHASE_STRIP = NO;
				CURRENT_PROJECT_VERSION = 1;
				DEBUG_INFORMATION_FORMAT = dwarf;
				ENABLE_STRICT_OBJC_MSGSEND = YES;
				ENABLE_TESTABILITY = YES;
				GCC_C_LANGUAGE_STANDARD = gnu11;
				GCC_DYNAMIC_NO_PIC = NO;
				GCC_NO_COMMON_BLOCKS = YES;
				GCC_OPTIMIZATION_LEVEL = 0;
				GCC_PREPROCESSOR_DEFINITIONS = (
					"DEBUG=1",
					"$(inherited)",
				);
				GCC_WARN_64_TO_32_BIT_CONVERSION = YES;
				GCC_WARN_ABOUT_RETURN_TYPE = YES_ERROR;
				GCC_WARN_UNDECLARED_SELECTOR = YES;
				GCC_WARN_UNINITIALIZED_AUTOS = YES_AGGRESSIVE;
				GCC_WARN_UNUSED_FUNCTION = YES;
				GCC_WARN_UNUSED_VARIABLE = YES;
				IPHONEOS_DEPLOYMENT_TARGET = 15.5;
				MTL_ENABLE_DEBUG_INFO = INCLUDE_SOURCE;
				MTL_FAST_MATH = YES;
				ONLY_ACTIVE_ARCH = YES;
				SDKROOT = iphoneos;
				VERSIONING_SYSTEM = "apple-generic";
				VERSION_INFO_PREFIX = "";
			};
			name = Debug;
		};
		33578B6B28804176009408BD /* Release */ = {
			isa = XCBuildConfiguration;
			buildSettings = {
				ALWAYS_SEARCH_USER_PATHS = NO;
				CLANG_ANALYZER_NONNULL = YES;
				CLANG_ANALYZER_NUMBER_OBJECT_CONVERSION = YES_AGGRESSIVE;
				CLANG_CXX_LANGUAGE_STANDARD = "gnu++17";
				CLANG_ENABLE_MODULES = YES;
				CLANG_ENABLE_OBJC_ARC = YES;
				CLANG_ENABLE_OBJC_WEAK = YES;
				CLANG_WARN_BLOCK_CAPTURE_AUTORELEASING = YES;
				CLANG_WARN_BOOL_CONVERSION = YES;
				CLANG_WARN_COMMA = YES;
				CLANG_WARN_CONSTANT_CONVERSION = YES;
				CLANG_WARN_DEPRECATED_OBJC_IMPLEMENTATIONS = YES;
				CLANG_WARN_DIRECT_OBJC_ISA_USAGE = YES_ERROR;
				CLANG_WARN_DOCUMENTATION_COMMENTS = YES;
				CLANG_WARN_EMPTY_BODY = YES;
				CLANG_WARN_ENUM_CONVERSION = YES;
				CLANG_WARN_INFINITE_RECURSION = YES;
				CLANG_WARN_INT_CONVERSION = YES;
				CLANG_WARN_NON_LITERAL_NULL_CONVERSION = YES;
				CLANG_WARN_OBJC_IMPLICIT_RETAIN_SELF = YES;
				CLANG_WARN_OBJC_LITERAL_CONVERSION = YES;
				CLANG_WARN_OBJC_ROOT_CLASS = YES_ERROR;
				CLANG_WARN_QUOTED_INCLUDE_IN_FRAMEWORK_HEADER = YES;
				CLANG_WARN_RANGE_LOOP_ANALYSIS = YES;
				CLANG_WARN_STRICT_PROTOTYPES = YES;
				CLANG_WARN_SUSPICIOUS_MOVE = YES;
				CLANG_WARN_UNGUARDED_AVAILABILITY = YES_AGGRESSIVE;
				CLANG_WARN_UNREACHABLE_CODE = YES;
				CLANG_WARN__DUPLICATE_METHOD_MATCH = YES;
				COPY_PHASE_STRIP = NO;
				CURRENT_PROJECT_VERSION = 1;
				DEBUG_INFORMATION_FORMAT = "dwarf-with-dsym";
				ENABLE_NS_ASSERTIONS = NO;
				ENABLE_STRICT_OBJC_MSGSEND = YES;
				GCC_C_LANGUAGE_STANDARD = gnu11;
				GCC_NO_COMMON_BLOCKS = YES;
				GCC_WARN_64_TO_32_BIT_CONVERSION = YES;
				GCC_WARN_ABOUT_RETURN_TYPE = YES_ERROR;
				GCC_WARN_UNDECLARED_SELECTOR = YES;
				GCC_WARN_UNINITIALIZED_AUTOS = YES_AGGRESSIVE;
				GCC_WARN_UNUSED_FUNCTION = YES;
				GCC_WARN_UNUSED_VARIABLE = YES;
				IPHONEOS_DEPLOYMENT_TARGET = 15.5;
				MTL_ENABLE_DEBUG_INFO = NO;
				MTL_FAST_MATH = YES;
				SDKROOT = iphoneos;
				VALIDATE_PRODUCT = YES;
				VERSIONING_SYSTEM = "apple-generic";
				VERSION_INFO_PREFIX = "";
			};
			name = Release;
		};
		33578B6D28804176009408BD /* Debug */ = {
			isa = XCBuildConfiguration;
			buildSettings = {
				CODE_SIGN_STYLE = Automatic;
				CURRENT_PROJECT_VERSION = 1;
				DEFINES_MODULE = YES;
				DEVELOPMENT_TEAM = V63X5B96WR;
				DYLIB_COMPATIBILITY_VERSION = 1;
				DYLIB_CURRENT_VERSION = 1;
				DYLIB_INSTALL_NAME_BASE = "@rpath";
				GENERATE_INFOPLIST_FILE = YES;
				INFOPLIST_KEY_NSHumanReadableCopyright = "";
				INSTALL_PATH = "$(LOCAL_LIBRARY_DIR)/Frameworks";
				LD_RUNPATH_SEARCH_PATHS = (
					"$(inherited)",
					"@executable_path/Frameworks",
					"@loader_path/Frameworks",
				);
				MARKETING_VERSION = 1.0;
				PRODUCT_BUNDLE_IDENTIFIER = podTest.MyFrameworkA;
				PRODUCT_NAME = "$(TARGET_NAME:c99extidentifier)";
				SKIP_INSTALL = YES;
				SWIFT_EMIT_LOC_STRINGS = YES;
				TARGETED_DEVICE_FAMILY = "1,2";
			};
			name = Debug;
		};
		33578B6E28804176009408BD /* Release */ = {
			isa = XCBuildConfiguration;
			buildSettings = {
				CODE_SIGN_STYLE = Automatic;
				CURRENT_PROJECT_VERSION = 1;
				DEFINES_MODULE = YES;
				DEVELOPMENT_TEAM = V63X5B96WR;
				DYLIB_COMPATIBILITY_VERSION = 1;
				DYLIB_CURRENT_VERSION = 1;
				DYLIB_INSTALL_NAME_BASE = "@rpath";
				GENERATE_INFOPLIST_FILE = YES;
				INFOPLIST_KEY_NSHumanReadableCopyright = "";
				INSTALL_PATH = "$(LOCAL_LIBRARY_DIR)/Frameworks";
				LD_RUNPATH_SEARCH_PATHS = (
					"$(inherited)",
					"@executable_path/Frameworks",
					"@loader_path/Frameworks",
				);
				MARKETING_VERSION = 1.0;
				PRODUCT_BUNDLE_IDENTIFIER = podTest.MyFrameworkA;
				PRODUCT_NAME = "$(TARGET_NAME:c99extidentifier)";
				SKIP_INSTALL = YES;
				SWIFT_EMIT_LOC_STRINGS = YES;
				TARGETED_DEVICE_FAMILY = "1,2";
			};
			name = Release;
		};
		33578B7028804176009408BD /* Debug */ = {
			isa = XCBuildConfiguration;
			buildSettings = {
				CODE_SIGN_STYLE = Automatic;
				CURRENT_PROJECT_VERSION = 1;
				DEVELOPMENT_TEAM = V63X5B96WR;
				GENERATE_INFOPLIST_FILE = YES;
				MARKETING_VERSION = 1.0;
				PRODUCT_BUNDLE_IDENTIFIER = podTest.MyFrameworkATests;
				PRODUCT_NAME = "$(TARGET_NAME)";
				SWIFT_EMIT_LOC_STRINGS = NO;
				TARGETED_DEVICE_FAMILY = "1,2";
			};
			name = Debug;
		};
		33578B7128804176009408BD /* Release */ = {
			isa = XCBuildConfiguration;
			buildSettings = {
				CODE_SIGN_STYLE = Automatic;
				CURRENT_PROJECT_VERSION = 1;
				DEVELOPMENT_TEAM = V63X5B96WR;
				GENERATE_INFOPLIST_FILE = YES;
				MARKETING_VERSION = 1.0;
				PRODUCT_BUNDLE_IDENTIFIER = podTest.MyFrameworkATests;
				PRODUCT_NAME = "$(TARGET_NAME)";
				SWIFT_EMIT_LOC_STRINGS = NO;
				TARGETED_DEVICE_FAMILY = "1,2";
			};
			name = Release;
		};
/* End XCBuildConfiguration section */

/* Begin XCConfigurationList section */
		33578B5228804176009408BD /* Build configuration list for PBXProject "MyFrameworkA" */ = {
			isa = XCConfigurationList;
			buildConfigurations = (
				33578B6A28804176009408BD /* Debug */,
				33578B6B28804176009408BD /* Release */,
			);
			defaultConfigurationIsVisible = 0;
			defaultConfigurationName = Release;
		};
		33578B6C28804176009408BD /* Build configuration list for PBXNativeTarget "MyFrameworkA" */ = {
			isa = XCConfigurationList;
			buildConfigurations = (
				33578B6D28804176009408BD /* Debug */,
				33578B6E28804176009408BD /* Release */,
			);
			defaultConfigurationIsVisible = 0;
			defaultConfigurationName = Release;
		};
		33578B6F28804176009408BD /* Build configuration list for PBXNativeTarget "MyFrameworkATests" */ = {
			isa = XCConfigurationList;
			buildConfigurations = (
				33578B7028804176009408BD /* Debug */,
				33578B7128804176009408BD /* Release */,
			);
			defaultConfigurationIsVisible = 0;
			defaultConfigurationName = Release;
		};
/* End XCConfigurationList section */
	};
	rootObject = 33578B4F28804176009408BD /* Project object */;
}
